<?xml version="1.0" encoding="utf-8"?>
<Project ToolsVersion="4.0" xmlns="http://schemas.microsoft.com/developer/msbuild/2003">
  <ItemGroup>
    <Filter Include="ソース ファイル">
      <UniqueIdentifier>{4FC737F1-C7A5-4376-A066-2A32D752A2FF}</UniqueIdentifier>
      <Extensions>cpp;c;cc;cxx;c++;cppm;ixx;def;odl;idl;hpj;bat;asm;asmx</Extensions>
    </Filter>
    <Filter Include="ヘッダー ファイル">
      <UniqueIdentifier>{93995380-89BD-4b04-88EB-625FBE52EBFB}</UniqueIdentifier>
      <Extensions>h;hh;hpp;hxx;h++;hm;inl;inc;ipp;xsd</Extensions>
    </Filter>
    <Filter Include="リソース ファイル">
      <UniqueIdentifier>{67DA6AB6-F800-4c08-8B7A-83BB121AAD01}</UniqueIdentifier>
      <Extensions>rc;ico;cur;bmp;dlg;rc2;rct;bin;rgs;gif;jpg;jpeg;jpe;resx;tiff;tif;png;wav;mfcribbon-ms</Extensions>
    </Filter>
    <Filter Include="ソース ファイル\Player">
      <UniqueIdentifier>{1647c710-069f-4b30-8ca8-60430a336a9f}</UniqueIdentifier>
    </Filter>
    <Filter Include="ヘッダー ファイル\Player">
      <UniqueIdentifier>{4adae264-d0e3-4683-b457-5e1396fdf30d}</UniqueIdentifier>
    </Filter>
    <Filter Include="ソース ファイル\Camera">
      <UniqueIdentifier>{15c11755-8aed-47df-9d88-00ba292e6bb7}</UniqueIdentifier>
    </Filter>
    <Filter Include="ヘッダー ファイル\Camera">
      <UniqueIdentifier>{be01b3cf-bfb3-475b-a640-0902180e787c}</UniqueIdentifier>
    </Filter>
    <Filter Include="ソース ファイル\Enemy">
      <UniqueIdentifier>{9a2ebc4f-ac15-4dca-a04c-6e5eb25785d5}</UniqueIdentifier>
    </Filter>
    <Filter Include="ヘッダー ファイル\Enemy">
      <UniqueIdentifier>{ba0888ed-4df8-4eac-8eeb-bef01f00c293}</UniqueIdentifier>
    </Filter>
    <Filter Include="ソース ファイル\Machine">
      <UniqueIdentifier>{f888c824-1c0a-4267-ba82-e1eeeca3d39d}</UniqueIdentifier>
    </Filter>
    <Filter Include="ヘッダー ファイル\Machine">
      <UniqueIdentifier>{6f72ef18-b660-47bb-ba32-4f8a7d7ca58b}</UniqueIdentifier>
    </Filter>
    <Filter Include="ソース ファイル\Map">
      <UniqueIdentifier>{a9e8b5e2-870c-4a9e-aa81-c1a0866f70b7}</UniqueIdentifier>
    </Filter>
    <Filter Include="ヘッダー ファイル\Map">
      <UniqueIdentifier>{dbf8cfcc-88da-4b2f-9537-e65f5b045b14}</UniqueIdentifier>
    </Filter>
    <Filter Include="ソース ファイル\Scene">
      <UniqueIdentifier>{db4bdb31-0e59-4b9c-a347-400888412f35}</UniqueIdentifier>
    </Filter>
    <Filter Include="ヘッダー ファイル\Scene">
      <UniqueIdentifier>{1163ee25-6447-48fe-977f-fb5fcd76b6d5}</UniqueIdentifier>
    </Filter>
    <Filter Include="NewFilter1">
      <UniqueIdentifier>{d5691501-74ed-4420-9284-a4a52c051120}</UniqueIdentifier>
    </Filter>
    <Filter Include="ソース ファイル\Col">
      <UniqueIdentifier>{3d93a636-d15b-466c-8bc2-80897bb885f5}</UniqueIdentifier>
    </Filter>
    <Filter Include="ヘッダー ファイル\Col">
      <UniqueIdentifier>{3e417fb4-1bd0-4d66-8597-d1d05b380b67}</UniqueIdentifier>
    </Filter>
  </ItemGroup>
  <ItemGroup>
    <ClCompile Include="Template3D.cpp">
      <Filter>ソース ファイル</Filter>
    </ClCompile>
    <ClCompile Include="Player\PlayerBase.cpp">
      <Filter>ソース ファイル\Player</Filter>
    </ClCompile>
    <ClCompile Include="Player\Player.cpp">
      <Filter>ソース ファイル\Player</Filter>
    </ClCompile>
    <ClCompile Include="Camera\Camera.cpp">
      <Filter>ソース ファイル\Camera</Filter>
    </ClCompile>
    <ClCompile Include="Enemy\EnemyBase.cpp">
      <Filter>ソース ファイル\Enemy</Filter>
    </ClCompile>
    <ClCompile Include="Enemy\Enemy.cpp">
      <Filter>ソース ファイル\Enemy</Filter>
    </ClCompile>
    <ClCompile Include="Machine\MachineBase.cpp">
      <Filter>ソース ファイル\Machine</Filter>
    </ClCompile>
    <ClCompile Include="Machine\Machine.cpp">
      <Filter>ソース ファイル\Machine</Filter>
    </ClCompile>
    <ClCompile Include="Map\MapBase.cpp">
      <Filter>ソース ファイル\Map</Filter>
    </ClCompile>
    <ClCompile Include="Map\MapGround.cpp">
      <Filter>ソース ファイル\Map</Filter>
    </ClCompile>
    <ClCompile Include="Map\MapObject.cpp">
      <Filter>ソース ファイル\Map</Filter>
    </ClCompile>
    <ClCompile Include="Scene\SceneManager.cpp">
      <Filter>ソース ファイル\Scene</Filter>
    </ClCompile>
    <ClCompile Include="Scene\SceneBase.cpp">
      <Filter>ソース ファイル\Scene</Filter>
    </ClCompile>
    <ClCompile Include="Scene\SceneFedo.cpp">
      <Filter>ソース ファイル\Scene</Filter>
    </ClCompile>
    <ClCompile Include="Scene\SceneTitle.cpp">
      <Filter>ソース ファイル\Scene</Filter>
    </ClCompile>
    <ClCompile Include="Scene\SceneGame.cpp">
      <Filter>ソース ファイル\Scene</Filter>
    </ClCompile>
    <ClCompile Include="Map\MapGoal.cpp">
      <Filter>ソース ファイル\Map</Filter>
    </ClCompile>
    <ClCompile Include="Col\Vec3.cpp">
      <Filter>ソース ファイル\Col</Filter>
    </ClCompile>
    <ClCompile Include="Col\CapsuleCol.cpp">
      <Filter>ソース ファイル\Col</Filter>
    </ClCompile>
    <ClCompile Include="Col\Matrix3.cpp">
      <Filter>ソース ファイル\Col</Filter>
    </ClCompile>
    <ClCompile Include="Col\RectCol.cpp">
      <Filter>ソース ファイル\Col</Filter>
    </ClCompile>
    <ClCompile Include="Col\SphereCol.cpp">
      <Filter>ソース ファイル\Col</Filter>
    </ClCompile>
  </ItemGroup>
  <ItemGroup>
    <ClInclude Include="Player\PlayerBase.h">
      <Filter>ヘッダー ファイル\Player</Filter>
    </ClInclude>
    <ClInclude Include="Player\Player.h">
      <Filter>ヘッダー ファイル\Player</Filter>
    </ClInclude>
    <ClInclude Include="Camera\Camera.h">
      <Filter>ヘッダー ファイル\Camera</Filter>
    </ClInclude>
    <ClInclude Include="Enemy\EnemyBase.h">
      <Filter>ヘッダー ファイル\Enemy</Filter>
    </ClInclude>
    <ClInclude Include="Enemy\Enemy.h">
      <Filter>ヘッダー ファイル\Enemy</Filter>
    </ClInclude>
    <ClInclude Include="Machine\MachineBase.h">
      <Filter>ヘッダー ファイル\Machine</Filter>
    </ClInclude>
    <ClInclude Include="Machine\Machine.h">
      <Filter>ヘッダー ファイル\Machine</Filter>
    </ClInclude>
    <ClInclude Include="Map\MapBase.h">
      <Filter>ヘッダー ファイル\Map</Filter>
    </ClInclude>
    <ClInclude Include="Map\MapGround.h">
      <Filter>ヘッダー ファイル\Map</Filter>
    </ClInclude>
    <ClInclude Include="Map\MapObject.h">
      <Filter>ヘッダー ファイル\Map</Filter>
    </ClInclude>
    <ClInclude Include="Scene\SceneManager.h">
      <Filter>ヘッダー ファイル\Scene</Filter>
    </ClInclude>
    <ClInclude Include="Scene\SceneBase.h">
      <Filter>ヘッダー ファイル\Scene</Filter>
    </ClInclude>
    <ClInclude Include="Scene\SceneFedo.h">
      <Filter>ヘッダー ファイル\Scene</Filter>
    </ClInclude>
    <ClInclude Include="Scene\SceneTitle.h">
      <Filter>ヘッダー ファイル\Scene</Filter>
    </ClInclude>
    <ClInclude Include="Scene\SceneGame.h">
      <Filter>ヘッダー ファイル\Scene</Filter>
    </ClInclude>
    <ClInclude Include="Map\MapGoal.h">
      <Filter>ヘッダー ファイル\Map</Filter>
    </ClInclude>
    <ClInclude Include="resource.h">
      <Filter>ヘッダー ファイル</Filter>
    </ClInclude>
    <ClInclude Include="Col\Vec3.h">
      <Filter>ヘッダー ファイル\Col</Filter>
    </ClInclude>
    <ClInclude Include="Col\CapsuleCol.h">
      <Filter>ヘッダー ファイル\Col</Filter>
    </ClInclude>
    <ClInclude Include="Col\Matrix3.h">
      <Filter>ヘッダー ファイル\Col</Filter>
    </ClInclude>
    <ClInclude Include="Col\RectCol.h">
      <Filter>ヘッダー ファイル\Col</Filter>
    </ClInclude>
    <ClInclude Include="Col\SphereCol.h">
      <Filter>ヘッダー ファイル\Col</Filter>
    </ClInclude>
  </ItemGroup>
  <ItemGroup>
    <ResourceCompile Include="Lifeluck.rc">
      <Filter>リソース ファイル</Filter>
    </ResourceCompile>
  </ItemGroup>
</Project>