
Microsoft Visual Studio Solution File, Format Version 12.00
# Visual Studio Version 17
VisualStudioVersion = 17.4.33110.190
MinimumVisualStudioVersion = 10.0.40219.1
Project("{FAE04EC0-301F-11D3-BF4B-00C04F79EFBC}") = "class kouzoutai", "class kouzoutai.csproj", "{27FC5D17-9C6D-4D13-A578-092AB70125EB}"
EndProject
Global
	GlobalSection(SolutionConfigurationPlatforms) = preSolution
		Debug|Any CPU = Debug|Any CPU
		Release|Any CPU = Release|Any CPU
	EndGlobalSection
	GlobalSection(ProjectConfigurationPlatforms) = postSolution
		{27FC5D17-9C6D-4D13-A578-092AB70125EB}.Debug|Any CPU.ActiveCfg = Debug|Any CPU
		{27FC5D17-9C6D-4D13-A578-092AB70125EB}.Debug|Any CPU.Build.0 = Debug|Any CPU
		{27FC5D17-9C6D-4D13-A578-092AB70125EB}.Release|Any CPU.ActiveCfg = Release|Any CPU
		{27FC5D17-9C6D-4D13-A578-092AB70125EB}.Release|Any CPU.Build.0 = Release|Any CPU
	EndGlobalSection
	GlobalSection(SolutionProperties) = preSolution
		HideSolutionNode = FALSE
	EndGlobalSection
	GlobalSection(ExtensibilityGlobals) = postSolution
		SolutionGuid = {B770F7F9-3DC7-4CB0-BC25-2C53C8F7A5FB}
	EndGlobalSection
EndGlobal
