
Microsoft Visual Studio Solution File, Format Version 12.00
# Visual Studio Version 17
VisualStudioVersion = 17.4.33110.190
MinimumVisualStudioVersion = 10.0.40219.1
Project("{FAE04EC0-301F-11D3-BF4B-00C04F79EFBC}") = "Csya-pukadai1.3", "Csya-pukadai1.3.csproj", "{C0A6994C-8C72-423B-BD44-0EA740FE8243}"
EndProject
Global
	GlobalSection(SolutionConfigurationPlatforms) = preSolution
		Debug|Any CPU = Debug|Any CPU
		Release|Any CPU = Release|Any CPU
	EndGlobalSection
	GlobalSection(ProjectConfigurationPlatforms) = postSolution
		{C0A6994C-8C72-423B-BD44-0EA740FE8243}.Debug|Any CPU.ActiveCfg = Debug|Any CPU
		{C0A6994C-8C72-423B-BD44-0EA740FE8243}.Debug|Any CPU.Build.0 = Debug|Any CPU
		{C0A6994C-8C72-423B-BD44-0EA740FE8243}.Release|Any CPU.ActiveCfg = Release|Any CPU
		{C0A6994C-8C72-423B-BD44-0EA740FE8243}.Release|Any CPU.Build.0 = Release|Any CPU
	EndGlobalSection
	GlobalSection(SolutionProperties) = preSolution
		HideSolutionNode = FALSE
	EndGlobalSection
	GlobalSection(ExtensibilityGlobals) = postSolution
		SolutionGuid = {DB156BA2-8745-4D28-8459-2BE888E1C1CE}
	EndGlobalSection
EndGlobal
